
Microsoft Visual Studio Solution File, Format Version 12.00
# Visual Studio Version 16
VisualStudioVersion = 16.0.28621.142
MinimumVisualStudioVersion = 10.0.40219.1
Project("{FAE04EC0-301F-11D3-BF4B-00C04F79EFBC}") = "azure-redis-webform", "azure-redis-webform\azure-redis-webform.csproj", "{87DE696A-970C-4680-93A5-9B2E71A1EF86}"
EndProject
Global
	GlobalSection(SolutionConfigurationPlatforms) = preSolution
		Debug|Any CPU = Debug|Any CPU
		Release|Any CPU = Release|Any CPU
	EndGlobalSection
	GlobalSection(ProjectConfigurationPlatforms) = postSolution
		{87DE696A-970C-4680-93A5-9B2E71A1EF86}.Debug|Any CPU.ActiveCfg = Debug|Any CPU
		{87DE696A-970C-4680-93A5-9B2E71A1EF86}.Debug|Any CPU.Build.0 = Debug|Any CPU
		{87DE696A-970C-4680-93A5-9B2E71A1EF86}.Release|Any CPU.ActiveCfg = Release|Any CPU
		{87DE696A-970C-4680-93A5-9B2E71A1EF86}.Release|Any CPU.Build.0 = Release|Any CPU
	EndGlobalSection
	GlobalSection(SolutionProperties) = preSolution
		HideSolutionNode = FALSE
	EndGlobalSection
	GlobalSection(ExtensibilityGlobals) = postSolution
		SolutionGuid = {648BB667-6262-4945-B476-1BE8599B72F3}
	EndGlobalSection
EndGlobal
